
Microsoft Visual Studio Solution File, Format Version 12.00
Project("{FAE04EC0-301F-11D3-BF4B-00C04F79EFBC}") = "Core.Domain", "Core.Domain\Core.Domain.csproj", "{9714CD48-4E50-49AE-BCC5-C7F31420A26B}"
EndProject
Project("{FAE04EC0-301F-11D3-BF4B-00C04F79EFBC}") = "Presentation.Web.Client", "Presentation.Web.Client\Presentation.Web.Client.csproj", "{CCDE2F36-35EA-4788-AB02-2F8AB22F8CCF}"
EndProject
Project("{FAE04EC0-301F-11D3-BF4B-00C04F79EFBC}") = "Presentation.Api", "Presentation.Api\Presentation.Api.csproj", "{D612D363-B25F-4696-802B-BCD4B4D6866B}"
EndProject
Project("{FAE04EC0-301F-11D3-BF4B-00C04F79EFBC}") = "Core.Logic", "Core.Logic\Core.Logic.csproj", "{311D007E-269A-495F-B7D0-0D7038DB12F9}"
EndProject
Project("{FAE04EC0-301F-11D3-BF4B-00C04F79EFBC}") = "Core.Data", "Core.Data\Core.Data.csproj", "{D2D10198-91EF-4DDD-ACFB-2FC6B8CC2265}"
EndProject
Project("{FAE04EC0-301F-11D3-BF4B-00C04F79EFBC}") = "Plugins.AWS.Queue", "Plugins.AWS.Queue\Plugins.AWS.Queue.csproj", "{4C22ED0B-CFA2-46BA-9BDC-C68339CC9617}"
EndProject
Global
	GlobalSection(SolutionConfigurationPlatforms) = preSolution
		Debug|Any CPU = Debug|Any CPU
		Release|Any CPU = Release|Any CPU
	EndGlobalSection
	GlobalSection(ProjectConfigurationPlatforms) = postSolution
		{9714CD48-4E50-49AE-BCC5-C7F31420A26B}.Debug|Any CPU.ActiveCfg = Debug|Any CPU
		{9714CD48-4E50-49AE-BCC5-C7F31420A26B}.Debug|Any CPU.Build.0 = Debug|Any CPU
		{9714CD48-4E50-49AE-BCC5-C7F31420A26B}.Release|Any CPU.ActiveCfg = Release|Any CPU
		{9714CD48-4E50-49AE-BCC5-C7F31420A26B}.Release|Any CPU.Build.0 = Release|Any CPU
		{CCDE2F36-35EA-4788-AB02-2F8AB22F8CCF}.Debug|Any CPU.ActiveCfg = Debug|Any CPU
		{CCDE2F36-35EA-4788-AB02-2F8AB22F8CCF}.Debug|Any CPU.Build.0 = Debug|Any CPU
		{CCDE2F36-35EA-4788-AB02-2F8AB22F8CCF}.Release|Any CPU.ActiveCfg = Release|Any CPU
		{CCDE2F36-35EA-4788-AB02-2F8AB22F8CCF}.Release|Any CPU.Build.0 = Release|Any CPU
		{D612D363-B25F-4696-802B-BCD4B4D6866B}.Debug|Any CPU.ActiveCfg = Debug|Any CPU
		{D612D363-B25F-4696-802B-BCD4B4D6866B}.Debug|Any CPU.Build.0 = Debug|Any CPU
		{D612D363-B25F-4696-802B-BCD4B4D6866B}.Release|Any CPU.ActiveCfg = Release|Any CPU
		{D612D363-B25F-4696-802B-BCD4B4D6866B}.Release|Any CPU.Build.0 = Release|Any CPU
		{311D007E-269A-495F-B7D0-0D7038DB12F9}.Debug|Any CPU.ActiveCfg = Debug|Any CPU
		{311D007E-269A-495F-B7D0-0D7038DB12F9}.Debug|Any CPU.Build.0 = Debug|Any CPU
		{311D007E-269A-495F-B7D0-0D7038DB12F9}.Release|Any CPU.ActiveCfg = Release|Any CPU
		{311D007E-269A-495F-B7D0-0D7038DB12F9}.Release|Any CPU.Build.0 = Release|Any CPU
		{D2D10198-91EF-4DDD-ACFB-2FC6B8CC2265}.Debug|Any CPU.ActiveCfg = Debug|Any CPU
		{D2D10198-91EF-4DDD-ACFB-2FC6B8CC2265}.Debug|Any CPU.Build.0 = Debug|Any CPU
		{D2D10198-91EF-4DDD-ACFB-2FC6B8CC2265}.Release|Any CPU.ActiveCfg = Release|Any CPU
		{D2D10198-91EF-4DDD-ACFB-2FC6B8CC2265}.Release|Any CPU.Build.0 = Release|Any CPU
		{4C22ED0B-CFA2-46BA-9BDC-C68339CC9617}.Debug|Any CPU.ActiveCfg = Debug|Any CPU
		{4C22ED0B-CFA2-46BA-9BDC-C68339CC9617}.Debug|Any CPU.Build.0 = Debug|Any CPU
		{4C22ED0B-CFA2-46BA-9BDC-C68339CC9617}.Release|Any CPU.ActiveCfg = Release|Any CPU
		{4C22ED0B-CFA2-46BA-9BDC-C68339CC9617}.Release|Any CPU.Build.0 = Release|Any CPU
	EndGlobalSection
EndGlobal
